
Microsoft Visual Studio Solution File, Format Version 12.00
# Visual Studio Version 16
VisualStudioVersion = 16.0.31005.135
MinimumVisualStudioVersion = 10.0.40219.1
Project("{FAE04EC0-301F-11D3-BF4B-00C04F79EFBC}") = "tarea1", "tarea1\tarea1.csproj", "{2B4649A6-F7B0-448C-9C7B-A3377B925ADD}"
EndProject
Global
	GlobalSection(SolutionConfigurationPlatforms) = preSolution
		Debug|Any CPU = Debug|Any CPU
		Release|Any CPU = Release|Any CPU
	EndGlobalSection
	GlobalSection(ProjectConfigurationPlatforms) = postSolution
		{2B4649A6-F7B0-448C-9C7B-A3377B925ADD}.Debug|Any CPU.ActiveCfg = Debug|Any CPU
		{2B4649A6-F7B0-448C-9C7B-A3377B925ADD}.Debug|Any CPU.Build.0 = Debug|Any CPU
		{2B4649A6-F7B0-448C-9C7B-A3377B925ADD}.Release|Any CPU.ActiveCfg = Release|Any CPU
		{2B4649A6-F7B0-448C-9C7B-A3377B925ADD}.Release|Any CPU.Build.0 = Release|Any CPU
	EndGlobalSection
	GlobalSection(SolutionProperties) = preSolution
		HideSolutionNode = FALSE
	EndGlobalSection
	GlobalSection(ExtensibilityGlobals) = postSolution
		SolutionGuid = {6CD0CBD5-03A4-4A37-8298-22E6835D89E5}
	EndGlobalSection
EndGlobal
