
Microsoft Visual Studio Solution File, Format Version 12.00
# Visual Studio Version 16
VisualStudioVersion = 16.0.31112.23
MinimumVisualStudioVersion = 10.0.40219.1
Project("{FAE04EC0-301F-11D3-BF4B-00C04F79EFBC}") = "Tarea POO", "Tarea POO\Tarea POO.csproj", "{AFFFE4D4-7041-4845-9472-A3AD8ACDA0D1}"
EndProject
Global
	GlobalSection(SolutionConfigurationPlatforms) = preSolution
		Debug|Any CPU = Debug|Any CPU
		Release|Any CPU = Release|Any CPU
	EndGlobalSection
	GlobalSection(ProjectConfigurationPlatforms) = postSolution
		{AFFFE4D4-7041-4845-9472-A3AD8ACDA0D1}.Debug|Any CPU.ActiveCfg = Debug|Any CPU
		{AFFFE4D4-7041-4845-9472-A3AD8ACDA0D1}.Debug|Any CPU.Build.0 = Debug|Any CPU
		{AFFFE4D4-7041-4845-9472-A3AD8ACDA0D1}.Release|Any CPU.ActiveCfg = Release|Any CPU
		{AFFFE4D4-7041-4845-9472-A3AD8ACDA0D1}.Release|Any CPU.Build.0 = Release|Any CPU
	EndGlobalSection
	GlobalSection(SolutionProperties) = preSolution
		HideSolutionNode = FALSE
	EndGlobalSection
	GlobalSection(ExtensibilityGlobals) = postSolution
		SolutionGuid = {DA9CEC09-9E24-4479-9F39-F0A80BEC789D}
	EndGlobalSection
EndGlobal
