
Microsoft Visual Studio Solution File, Format Version 12.00
# Visual Studio Version 16
VisualStudioVersion = 16.0.31019.35
MinimumVisualStudioVersion = 10.0.40219.1
Project("{FAE04EC0-301F-11D3-BF4B-00C04F79EFBC}") = "Semana 3. Ejercicio 2 pag.146", "Semana 3. Ejercicio 2 pag.146\Semana 3. Ejercicio 2 pag.146.csproj", "{6DDC11DF-505F-43A0-9073-BCD7F039069A}"
EndProject
Global
	GlobalSection(SolutionConfigurationPlatforms) = preSolution
		Debug|Any CPU = Debug|Any CPU
		Release|Any CPU = Release|Any CPU
	EndGlobalSection
	GlobalSection(ProjectConfigurationPlatforms) = postSolution
		{6DDC11DF-505F-43A0-9073-BCD7F039069A}.Debug|Any CPU.ActiveCfg = Debug|Any CPU
		{6DDC11DF-505F-43A0-9073-BCD7F039069A}.Debug|Any CPU.Build.0 = Debug|Any CPU
		{6DDC11DF-505F-43A0-9073-BCD7F039069A}.Release|Any CPU.ActiveCfg = Release|Any CPU
		{6DDC11DF-505F-43A0-9073-BCD7F039069A}.Release|Any CPU.Build.0 = Release|Any CPU
	EndGlobalSection
	GlobalSection(SolutionProperties) = preSolution
		HideSolutionNode = FALSE
	EndGlobalSection
	GlobalSection(ExtensibilityGlobals) = postSolution
		SolutionGuid = {9834A18C-643B-48DC-AB70-31B4E55BC9A3}
	EndGlobalSection
EndGlobal
